// !$*UTF8*$!
{
	archiveVersion = 1;
	classes = {
	};
	objectVersion = 46;
	objects = {

/* Begin PBXBuildFile section */
		69C562FF1BE79B5400E59957 /* AppDelegate.swift in Sources */ = {isa = PBXBuildFile; fileRef = 69C562FE1BE79B5400E59957 /* AppDelegate.swift */; };
		69C563011BE79B5400E59957 /* ViewController.swift in Sources */ = {isa = PBXBuildFile; fileRef = 69C563001BE79B5400E59957 /* ViewController.swift */; };
		69C563041BE79B5400E59957 /* Main.storyboard in Resources */ = {isa = PBXBuildFile; fileRef = 69C563021BE79B5400E59957 /* Main.storyboard */; };
		69C563071BE79B5400E59957 /* pokedex.xcdatamodeld in Sources */ = {isa = PBXBuildFile; fileRef = 69C563051BE79B5400E59957 /* pokedex.xcdatamodeld */; };
		69C563091BE79B5400E59957 /* Assets.xcassets in Resources */ = {isa = PBXBuildFile; fileRef = 69C563081BE79B5400E59957 /* Assets.xcassets */; };
		69C5630C1BE79B5400E59957 /* LaunchScreen.storyboard in Resources */ = {isa = PBXBuildFile; fileRef = 69C5630A1BE79B5400E59957 /* LaunchScreen.storyboard */; };
/* End PBXBuildFile section */

/* Begin PBXFileReference section */
		69C562FB1BE79B5400E59957 /* pokedex.app */ = {isa = PBXFileReference; explicitFileType = wrapper.application; includeInIndex = 0; path = pokedex.app; sourceTree = BUILT_PRODUCTS_DIR; };
		69C562FE1BE79B5400E59957 /* AppDelegate.swift */ = {isa = PBXFileReference; lastKnownFileType = sourcecode.swift; path = AppDelegate.swift; sourceTree = "<group>"; };
		69C563001BE79B5400E59957 /* ViewController.swift */ = {isa = PBXFileReference; lastKnownFileType = sourcecode.swift; path = ViewController.swift; sourceTree = "<group>"; };
		69C563031BE79B5400E59957 /* Base */ = {isa = PBXFileReference; lastKnownFileType = file.storyboard; name = Base; path = Base.lproj/Main.storyboard; sourceTree = "<group>"; };
		69C563061BE79B5400E59957 /* pokedex.xcdatamodel */ = {isa = PBXFileReference; lastKnownFileType = wrapper.xcdatamodel; path = pokedex.xcdatamodel; sourceTree = "<group>"; };
		69C563081BE79B5400E59957 /* Assets.xcassets */ = {isa = PBXFileReference; lastKnownFileType = folder.assetcatalog; path = Assets.xcassets; sourceTree = "<group>"; };
		69C5630B1BE79B5400E59957 /* Base */ = {isa = PBXFileReference; lastKnownFileType = file.storyboard; name = Base; path = Base.lproj/LaunchScreen.storyboard; sourceTree = "<group>"; };
		69C5630D1BE79B5400E59957 /* Info.plist */ = {isa = PBXFileReference; lastKnownFileType = text.plist.xml; path = Info.plist; sourceTree = "<group>"; };
/* End PBXFileReference section */

/* Begin PBXFrameworksBuildPhase section */
		69C562F81BE79B5400E59957 /* Frameworks */ = {
			isa = PBXFrameworksBuildPhase;
			buildActionMask = 2147483647;
			files = (
			);
			runOnlyForDeploymentPostprocessing = 0;
		};
/* End PBXFrameworksBuildPhase section */

/* Begin PBXGroup section */
		69C562F21BE79B5400E59957 = {
			isa = PBXGroup;
			children = (
				69C562FD1BE79B5400E59957 /* pokedex */,
				69C562FC1BE79B5400E59957 /* Products */,
			);
			sourceTree = "<group>";
		};
		69C562FC1BE79B5400E59957 /* Products */ = {
			isa = PBXGroup;
			children = (
				69C562FB1BE79B5400E59957 /* pokedex.app */,
			);
			name = Products;
			sourceTree = "<group>";
		};
		69C562FD1BE79B5400E59957 /* pokedex */ = {
			isa = PBXGroup;
			children = (
				69C562FE1BE79B5400E59957 /* AppDelegate.swift */,
				69C563001BE79B5400E59957 /* ViewController.swift */,
				69C563021BE79B5400E59957 /* Main.storyboard */,
				69C563081BE79B5400E59957 /* Assets.xcassets */,
				69C5630A1BE79B5400E59957 /* LaunchScreen.storyboard */,
				69C5630D1BE79B5400E59957 /* Info.plist */,
				69C563051BE79B5400E59957 /* pokedex.xcdatamodeld */,
			);
			path = pokedex;
			sourceTree = "<group>";
		};
/* End PBXGroup section */

/* Begin PBXNativeTarget section */
		69C562FA1BE79B5400E59957 /* pokedex */ = {
			isa = PBXNativeTarget;
			buildConfigurationList = 69C563101BE79B5400E59957 /* Build configuration list for PBXNativeTarget "pokedex" */;
			buildPhases = (
				69C562F71BE79B5400E59957 /* Sources */,
				69C562F81BE79B5400E59957 /* Frameworks */,
				69C562F91BE79B5400E59957 /* Resources */,
			);
			buildRules = (
			);
			dependencies = (
			);
			name = pokedex;
			productName = pokedex;
			productReference = 69C562FB1BE79B5400E59957 /* pokedex.app */;
			productType = "com.apple.product-type.application";
		};
/* End PBXNativeTarget section */

/* Begin PBXProject section */
		69C562F31BE79B5400E59957 /* Project object */ = {
			isa = PBXProject;
			attributes = {
				LastSwiftUpdateCheck = 0710;
				LastUpgradeCheck = 0710;
				ORGANIZATIONNAME = "sindre teigland";
				TargetAttributes = {
					69C562FA1BE79B5400E59957 = {
						CreatedOnToolsVersion = 7.1;
						DevelopmentTeam = M6NLSHR63Q;
					};
				};
			};
			buildConfigurationList = 69C562F61BE79B5400E59957 /* Build configuration list for PBXProject "pokedex" */;
			compatibilityVersion = "Xcode 3.2";
			developmentRegion = English;
			hasScannedForEncodings = 0;
			knownRegions = (
				en,
				Base,
			);
			mainGroup = 69C562F21BE79B5400E59957;
			productRefGroup = 69C562FC1BE79B5400E59957 /* Products */;
			projectDirPath = "";
			projectRoot = "";
			targets = (
				69C562FA1BE79B5400E59957 /* pokedex */,
			);
		};
/* End PBXProject section */

/* Begin PBXResourcesBuildPhase section */
		69C562F91BE79B5400E59957 /* Resources */ = {
			isa = PBXResourcesBuildPhase;
			buildActionMask = 2147483647;
			files = (
				69C5630C1BE79B5400E59957 /* LaunchScreen.storyboard in Resources */,
				69C563091BE79B5400E59957 /* Assets.xcassets in Resources */,
				69C563041BE79B5400E59957 /* Main.storyboard in Resources */,
			);
			runOnlyForDeploymentPostprocessing = 0;
		};
/* End PBXResourcesBuildPhase section */

/* Begin PBXSourcesBuildPhase section */
		69C562F71BE79B5400E59957 /* Sources */ = {
			isa = PBXSourcesBuildPhase;
			buildActionMask = 2147483647;
			files = (
				69C563071BE79B5400E59957 /* pokedex.xcdatamodeld in Sources */,
				69C563011BE79B5400E59957 /* ViewController.swift in Sources */,
				69C562FF1BE79B5400E59957 /* AppDelegate.swift in Sources */,
			);
			runOnlyForDeploymentPostprocessing = 0;
		};
/* End PBXSourcesBuildPhase section */

/* Begin PBXVariantGroup section */
		69C563021BE79B5400E59957 /* Main.storyboard */ = {
			isa = PBXVariantGroup;
			children = (
				69C563031BE79B5400E59957 /* Base */,
			);
			name = Main.storyboard;
			sourceTree = "<group>";
		};
		69C5630A1BE79B5400E59957 /* LaunchScreen.storyboard */ = {
			isa = PBXVariantGroup;
			children = (
				69C5630B1BE79B5400E59957 /* Base */,
			);
			name = LaunchScreen.storyboard;
			sourceTree = "<group>";
		};
/* End PBXVariantGroup section */

/* Begin XCBuildConfiguration section */
		69C5630E1BE79B5400E59957 /* Debug */ = {
			isa = XCBuildConfiguration;
			buildSettings = {
				ALWAYS_SEARCH_USER_PATHS = NO;
				CLANG_CXX_LANGUAGE_STANDARD = "gnu++0x";
				CLANG_CXX_LIBRARY = "libc++";
				CLANG_ENABLE_MODULES = YES;
				CLANG_ENABLE_OBJC_ARC = YES;
				CLANG_WARN_BOOL_CONVERSION = YES;
				CLANG_WARN_CONSTANT_CONVERSION = YES;
				CLANG_WARN_DIRECT_OBJC_ISA_USAGE = YES_ERROR;
				CLANG_WARN_EMPTY_BODY = YES;
				CLANG_WARN_ENUM_CONVERSION = YES;
				CLANG_WARN_INT_CONVERSION = YES;
				CLANG_WARN_OBJC_ROOT_CLASS = YES_ERROR;
				CLANG_WARN_UNREACHABLE_CODE = YES;
				CLANG_WARN__DUPLICATE_METHOD_MATCH = YES;
				"CODE_SIGN_IDENTITY[sdk=iphoneos*]" = "iPhone Developer";
				COPY_PHASE_STRIP = NO;
				DEBUG_INFORMATION_FORMAT = dwarf;
				ENABLE_STRICT_OBJC_MSGSEND = YES;
				ENABLE_TESTABILITY = YES;
				GCC_C_LANGUAGE_STANDARD = gnu99;
				GCC_DYNAMIC_NO_PIC = NO;
				GCC_NO_COMMON_BLOCKS = YES;
				GCC_OPTIMIZATION_LEVEL = 0;
				GCC_PREPROCESSOR_DEFINITIONS = (
					"DEBUG=1",
					"$(inherited)",
				);
				GCC_WARN_64_TO_32_BIT_CONVERSION = YES;
				GCC_WARN_ABOUT_RETURN_TYPE = YES_ERROR;
				GCC_WARN_UNDECLARED_SELECTOR = YES;
				GCC_WARN_UNINITIALIZED_AUTOS = YES_AGGRESSIVE;
				GCC_WARN_UNUSED_FUNCTION = YES;
				GCC_WARN_UNUSED_VARIABLE = YES;
				IPHONEOS_DEPLOYMENT_TARGET = 9.1;
				MTL_ENABLE_DEBUG_INFO = YES;
				ONLY_ACTIVE_ARCH = YES;
				SDKROOT = iphoneos;
				SWIFT_OPTIMIZATION_LEVEL = "-Onone";
				TARGETED_DEVICE_FAMILY = "1,2";
			};
			name = Debug;
		};
		69C5630F1BE79B5400E59957 /* Release */ = {
			isa = XCBuildConfiguration;
			buildSettings = {
				ALWAYS_SEARCH_USER_PATHS = NO;
				CLANG_CXX_LANGUAGE_STANDARD = "gnu++0x";
				CLANG_CXX_LIBRARY = "libc++";
				CLANG_ENABLE_MODULES = YES;
				CLANG_ENABLE_OBJC_ARC = YES;
				CLANG_WARN_BOOL_CONVERSION = YES;
				CLANG_WARN_CONSTANT_CONVERSION = YES;
				CLANG_WARN_DIRECT_OBJC_ISA_USAGE = YES_ERROR;
				CLANG_WARN_EMPTY_BODY = YES;
				CLANG_WARN_ENUM_CONVERSION = YES;
				CLANG_WARN_INT_CONVERSION = YES;
				CLANG_WARN_OBJC_ROOT_CLASS = YES_ERROR;
				CLANG_WARN_UNREACHABLE_CODE = YES;
				CLANG_WARN__DUPLICATE_METHOD_MATCH = YES;
				"CODE_SIGN_IDENTITY[sdk=iphoneos*]" = "iPhone Developer";
				COPY_PHASE_STRIP = NO;
				DEBUG_INFORMATION_FORMAT = "dwarf-with-dsym";
				ENABLE_NS_ASSERTIONS = NO;
				ENABLE_STRICT_OBJC_MSGSEND = YES;
				GCC_C_LANGUAGE_STANDARD = gnu99;
				GCC_NO_COMMON_BLOCKS = YES;
				GCC_WARN_64_TO_32_BIT_CONVERSION = YES;
				GCC_WARN_ABOUT_RETURN_TYPE = YES_ERROR;
				GCC_WARN_UNDECLARED_SELECTOR = YES;
				GCC_WARN_UNINITIALIZED_AUTOS = YES_AGGRESSIVE;
				GCC_WARN_UNUSED_FUNCTION = YES;
				GCC_WARN_UNUSED_VARIABLE = YES;
				IPHONEOS_DEPLOYMENT_TARGET = 9.1;
				MTL_ENABLE_DEBUG_INFO = NO;
				SDKROOT = iphoneos;
				TARGETED_DEVICE_FAMILY = "1,2";
				VALIDATE_PRODUCT = YES;
			};
			name = Release;
		};
		69C563111BE79B5400E59957 /* Debug */ = {
			isa = XCBuildConfiguration;
			buildSettings = {
				ASSETCATALOG_COMPILER_APPICON_NAME = AppIcon;
				INFOPLIST_FILE = pokedex/Info.plist;
				LD_RUNPATH_SEARCH_PATHS = "$(inherited) @executable_path/Frameworks";
				PRODUCT_BUNDLE_IDENTIFIER = com.sintei.pokedex;
				PRODUCT_NAME = "$(TARGET_NAME)";
			};
			name = Debug;
		};
		69C563121BE79B5400E59957 /* Release */ = {
			isa = XCBuildConfiguration;
			buildSettings = {
				ASSETCATALOG_COMPILER_APPICON_NAME = AppIcon;
				INFOPLIST_FILE = pokedex/Info.plist;
				LD_RUNPATH_SEARCH_PATHS = "$(inherited) @executable_path/Frameworks";
				PRODUCT_BUNDLE_IDENTIFIER = com.sintei.pokedex;
				PRODUCT_NAME = "$(TARGET_NAME)";
			};
			name = Release;
		};
/* End XCBuildConfiguration section */

/* Begin XCConfigurationList section */
		69C562F61BE79B5400E59957 /* Build configuration list for PBXProject "pokedex" */ = {
			isa = XCConfigurationList;
			buildConfigurations = (
				69C5630E1BE79B5400E59957 /* Debug */,
				69C5630F1BE79B5400E59957 /* Release */,
			);
			defaultConfigurationIsVisible = 0;
			defaultConfigurationName = Release;
		};
		69C563101BE79B5400E59957 /* Build configuration list for PBXNativeTarget "pokedex" */ = {
			isa = XCConfigurationList;
			buildConfigurations = (
				69C563111BE79B5400E59957 /* Debug */,
				69C563121BE79B5400E59957 /* Release */,
			);
			defaultConfigurationIsVisible = 0;
		};
/* End XCConfigurationList section */

/* Begin XCVersionGroup section */
		69C563051BE79B5400E59957 /* pokedex.xcdatamodeld */ = {
			isa = XCVersionGroup;
			children = (
				69C563061BE79B5400E59957 /* pokedex.xcdatamodel */,
			);
			currentVersion = 69C563061BE79B5400E59957 /* pokedex.xcdatamodel */;
			path = pokedex.xcdatamodeld;
			sourceTree = "<group>";
			versionGroupType = wrapper.xcdatamodel;
		};
/* End XCVersionGroup section */
	};
	rootObject = 69C562F31BE79B5400E59957 /* Project object */;
}
